PODS:
  - ChameleonFramework (1.2.1):
    - ChameleonFramework/Default (= 1.2.1)
  - ChameleonFramework/Default (1.2.1)
  - Crashlytics (3.1.0)
  - Fabric (1.2.8):
    - Fabric/Base (= 1.2.8)
  - Fabric/Base (1.2.8)
  - Himotoki (1.0.0)
  - Ono (1.2.2)
  - RxSwift (2.0.0-alpha.3)

DEPENDENCIES:
  - ChameleonFramework
  - Crashlytics
  - Fabric
  - Himotoki
  - Ono
  - RxSwift (= 2.0.0-alpha.3)

SPEC CHECKSUMS:
  ChameleonFramework: 3476f813ac1615aef0a9a958f05520dfca47e09d
  Crashlytics: 93e2f86363d53c002c6366a9d87e41f2eaee87c3
  Fabric: a9eabe53915e9f1db55a84dd2838737928675878
  Himotoki: 248b55af276aef1af1a326e918aed30bc5ee25dd
  Ono: 80b1c686777d3f6d5d5ce6fcac8a74afef4ca197
  RxSwift: c66f7956b2e5fb397a62bf4a3ec6072749a816a7

COCOAPODS: 0.38.2
