// !$*UTF8*$!
{
	archiveVersion = 1;
	classes = {
	};
	objectVersion = 46;
	objects = {

/* Begin PBXBuildFile section */
		573150EE1B7752AA00F37E81 /* PathNode.swift in Sources */ = {isa = PBXBuildFile; fileRef = 574586381B74CDB50067C65C /* PathNode.swift */; };
		573150EF1B7752AD00F37E81 /* PathFinder.swift in Sources */ = {isa = PBXBuildFile; fileRef = 5745863C1B74D27F0067C65C /* PathFinder.swift */; };
		573150F11B7752BA00F37E81 /* TMXMap.swift in Sources */ = {isa = PBXBuildFile; fileRef = 57CF2EFA1B6CACCE00F79760 /* TMXMap.swift */; };
		573150F21B7752BC00F37E81 /* TMXMapLoader.swift in Sources */ = {isa = PBXBuildFile; fileRef = 57CF2EFC1B6CAD4900F79760 /* TMXMapLoader.swift */; };
		573150F31B7752BF00F37E81 /* TMXTileset.swift in Sources */ = {isa = PBXBuildFile; fileRef = 57CF2EFE1B6CCD6200F79760 /* TMXTileset.swift */; };
		573150F41B7752CC00F37E81 /* TMXLayer.swift in Sources */ = {isa = PBXBuildFile; fileRef = 57CF2F001B6CCD6C00F79760 /* TMXLayer.swift */; };
		573150F51B7752D000F37E81 /* TMXImage.swift in Sources */ = {isa = PBXBuildFile; fileRef = 57CF2F021B6CCE0900F79760 /* TMXImage.swift */; };
		573150F61B7752D300F37E81 /* Cell.swift in Sources */ = {isa = PBXBuildFile; fileRef = 57CF2F111B70E43A00F79760 /* Cell.swift */; };
		573150F71B7752D600F37E81 /* World.swift in Sources */ = {isa = PBXBuildFile; fileRef = 57CF2F131B71A70400F79760 /* World.swift */; };
		573150F81B7752DA00F37E81 /* GameScenePaceMaker.swift in Sources */ = {isa = PBXBuildFile; fileRef = 57E97ECC1B7305C9000D951C /* GameScenePaceMaker.swift */; };
		573150FA1B77531700F37E81 /* Creature.swift in Sources */ = {isa = PBXBuildFile; fileRef = 57E97ECA1B7305B0000D951C /* Creature.swift */; };
		573150FC1B77547E00F37E81 /* NSData+Inflate.swift in Sources */ = {isa = PBXBuildFile; fileRef = 57CF2F071B6DDE1D00F79760 /* NSData+Inflate.swift */; };
		573150FD1B77549C00F37E81 /* libz.dylib in Frameworks */ = {isa = PBXBuildFile; fileRef = 57CF2F041B6DD44200F79760 /* libz.dylib */; };
		574586361B745C470067C65C /* CreatureNode.swift in Sources */ = {isa = PBXBuildFile; fileRef = 574586351B745C470067C65C /* CreatureNode.swift */; };
		574586391B74CDB50067C65C /* PathNode.swift in Sources */ = {isa = PBXBuildFile; fileRef = 574586381B74CDB50067C65C /* PathNode.swift */; };
		5745863D1B74D27F0067C65C /* PathFinder.swift in Sources */ = {isa = PBXBuildFile; fileRef = 5745863C1B74D27F0067C65C /* PathFinder.swift */; };
		57464EEF1B7EF4F20059BEE7 /* CGPath+Shape.swift in Sources */ = {isa = PBXBuildFile; fileRef = 57464EEE1B7EF4F20059BEE7 /* CGPath+Shape.swift */; };
		57464EF11B7EF9970059BEE7 /* CreatureConfiguration.swift in Sources */ = {isa = PBXBuildFile; fileRef = 57464EF01B7EF9970059BEE7 /* CreatureConfiguration.swift */; };
		57464EF41B7F138B0059BEE7 /* CreatureConfiguration.swift in Sources */ = {isa = PBXBuildFile; fileRef = 57464EF01B7EF9970059BEE7 /* CreatureConfiguration.swift */; };
		57584E191B8B690600E010B8 /* CreatureTextureAtlas.swift in Sources */ = {isa = PBXBuildFile; fileRef = 57584E181B8B690600E010B8 /* CreatureTextureAtlas.swift */; };
		57584E1B1B8CB8B000E010B8 /* TextureAtlasStore.swift in Sources */ = {isa = PBXBuildFile; fileRef = 57584E1A1B8CB8B000E010B8 /* TextureAtlasStore.swift */; };
		57584E1D1B8CB8FB00E010B8 /* TextureAtlas.swift in Sources */ = {isa = PBXBuildFile; fileRef = 57584E1C1B8CB8FB00E010B8 /* TextureAtlas.swift */; };
		57584E1F1B9C2ED500E010B8 /* creatures.json in Resources */ = {isa = PBXBuildFile; fileRef = 57584E1E1B9C2ED500E010B8 /* creatures.json */; };
		57584E211BA066AB00E010B8 /* CreatureConfigurationStore.swift in Sources */ = {isa = PBXBuildFile; fileRef = 57584E201BA066AB00E010B8 /* CreatureConfigurationStore.swift */; };
		57584E221BA3FBBF00E010B8 /* CreatureConfigurationStore.swift in Sources */ = {isa = PBXBuildFile; fileRef = 57584E201BA066AB00E010B8 /* CreatureConfigurationStore.swift */; };
		57584E281BA44A7900E010B8 /* TMXTileset+Biotope.swift in Sources */ = {isa = PBXBuildFile; fileRef = 57584E271BA44A7900E010B8 /* TMXTileset+Biotope.swift */; };
		57584E2A1BA4504E00E010B8 /* TMXTileset+Biotope.swift in Sources */ = {isa = PBXBuildFile; fileRef = 57584E271BA44A7900E010B8 /* TMXTileset+Biotope.swift */; };
		5790C5931BA50D46009D932B /* test.tmx in Resources */ = {isa = PBXBuildFile; fileRef = 5790C5921BA50D46009D932B /* test.tmx */; };
		579F8F791B6A74A600D54486 /* AppDelegate.swift in Sources */ = {isa = PBXBuildFile; fileRef = 579F8F781B6A74A600D54486 /* AppDelegate.swift */; };
		579F8F7B1B6A74A600D54486 /* GameScene.sks in Resources */ = {isa = PBXBuildFile; fileRef = 579F8F7A1B6A74A600D54486 /* GameScene.sks */; };
		579F8F7D1B6A74A600D54486 /* GameScene.swift in Sources */ = {isa = PBXBuildFile; fileRef = 579F8F7C1B6A74A600D54486 /* GameScene.swift */; };
		579F8F7F1B6A74A600D54486 /* GameViewController.swift in Sources */ = {isa = PBXBuildFile; fileRef = 579F8F7E1B6A74A600D54486 /* GameViewController.swift */; };
		579F8F821B6A74A700D54486 /* Main.storyboard in Resources */ = {isa = PBXBuildFile; fileRef = 579F8F801B6A74A700D54486 /* Main.storyboard */; };
		579F8F841B6A74A700D54486 /* Images.xcassets in Resources */ = {isa = PBXBuildFile; fileRef = 579F8F831B6A74A700D54486 /* Images.xcassets */; };
		579F8F871B6A74A700D54486 /* LaunchScreen.xib in Resources */ = {isa = PBXBuildFile; fileRef = 579F8F851B6A74A700D54486 /* LaunchScreen.xib */; };
		579F8F931B6A74A700D54486 /* PathFinderTests.swift in Sources */ = {isa = PBXBuildFile; fileRef = 579F8F921B6A74A700D54486 /* PathFinderTests.swift */; };
		57B63E251B7F170300782D09 /* UIColor+Named.swift in Sources */ = {isa = PBXBuildFile; fileRef = 57B63E241B7F170300782D09 /* UIColor+Named.swift */; };
		57CF2EF81B6CA6BB00F79760 /* MapNode.swift in Sources */ = {isa = PBXBuildFile; fileRef = 57CF2EF71B6CA6BB00F79760 /* MapNode.swift */; };
		57CF2EFB1B6CACCE00F79760 /* TMXMap.swift in Sources */ = {isa = PBXBuildFile; fileRef = 57CF2EFA1B6CACCE00F79760 /* TMXMap.swift */; };
		57CF2EFD1B6CAD4A00F79760 /* TMXMapLoader.swift in Sources */ = {isa = PBXBuildFile; fileRef = 57CF2EFC1B6CAD4900F79760 /* TMXMapLoader.swift */; };
		57CF2EFF1B6CCD6200F79760 /* TMXTileset.swift in Sources */ = {isa = PBXBuildFile; fileRef = 57CF2EFE1B6CCD6200F79760 /* TMXTileset.swift */; };
		57CF2F011B6CCD6C00F79760 /* TMXLayer.swift in Sources */ = {isa = PBXBuildFile; fileRef = 57CF2F001B6CCD6C00F79760 /* TMXLayer.swift */; };
		57CF2F031B6CCE0900F79760 /* TMXImage.swift in Sources */ = {isa = PBXBuildFile; fileRef = 57CF2F021B6CCE0900F79760 /* TMXImage.swift */; };
		57CF2F051B6DD44200F79760 /* libz.dylib in Frameworks */ = {isa = PBXBuildFile; fileRef = 57CF2F041B6DD44200F79760 /* libz.dylib */; };
		57CF2F081B6DDE1D00F79760 /* NSData+Inflate.swift in Sources */ = {isa = PBXBuildFile; fileRef = 57CF2F071B6DDE1D00F79760 /* NSData+Inflate.swift */; };
		57CF2F0F1B6FBC4600F79760 /* chip.png in Resources */ = {isa = PBXBuildFile; fileRef = 57CF2F0D1B6FBC4600F79760 /* chip.png */; };
		57CF2F101B6FBC4600F79760 /* debug.tmx in Resources */ = {isa = PBXBuildFile; fileRef = 57CF2F0E1B6FBC4600F79760 /* debug.tmx */; };
		57CF2F121B70E43A00F79760 /* Cell.swift in Sources */ = {isa = PBXBuildFile; fileRef = 57CF2F111B70E43A00F79760 /* Cell.swift */; };
		57CF2F141B71A70400F79760 /* World.swift in Sources */ = {isa = PBXBuildFile; fileRef = 57CF2F131B71A70400F79760 /* World.swift */; };
		57CF2F161B71A75200F79760 /* WorldNode.swift in Sources */ = {isa = PBXBuildFile; fileRef = 57CF2F151B71A75200F79760 /* WorldNode.swift */; };
		57CF2F181B71AC9600F79760 /* CellNode.swift in Sources */ = {isa = PBXBuildFile; fileRef = 57CF2F171B71AC9600F79760 /* CellNode.swift */; };
		57DA17A21B89B38B0025F768 /* WorldTests.swift in Sources */ = {isa = PBXBuildFile; fileRef = 57DA17A11B89B38B0025F768 /* WorldTests.swift */; };
		57E97ECB1B7305B0000D951C /* Creature.swift in Sources */ = {isa = PBXBuildFile; fileRef = 57E97ECA1B7305B0000D951C /* Creature.swift */; };
		57E97ECD1B7305C9000D951C /* GameScenePaceMaker.swift in Sources */ = {isa = PBXBuildFile; fileRef = 57E97ECC1B7305C9000D951C /* GameScenePaceMaker.swift */; };
		D4212BE445D70781DA07DE5A /* Pods.framework in Frameworks */ = {isa = PBXBuildFile; fileRef = B053F8553A27EFCDCF9F52D0 /* Pods.framework */; settings = {ATTRIBUTES = (Weak, ); }; };
/* End PBXBuildFile section */

/* Begin PBXContainerItemProxy section */
		579F8F8D1B6A74A700D54486 /* PBXContainerItemProxy */ = {
			isa = PBXContainerItemProxy;
			containerPortal = 579F8F6B1B6A74A600D54486 /* Project object */;
			proxyType = 1;
			remoteGlobalIDString = 579F8F721B6A74A600D54486;
			remoteInfo = Biotope;
		};
/* End PBXContainerItemProxy section */

/* Begin PBXFileReference section */
		574586351B745C470067C65C /* CreatureNode.swift */ = {isa = PBXFileReference; fileEncoding = 4; lastKnownFileType = sourcecode.swift; path = CreatureNode.swift; sourceTree = "<group>"; };
		574586381B74CDB50067C65C /* PathNode.swift */ = {isa = PBXFileReference; fileEncoding = 4; lastKnownFileType = sourcecode.swift; path = PathNode.swift; sourceTree = "<group>"; };
		5745863C1B74D27F0067C65C /* PathFinder.swift */ = {isa = PBXFileReference; fileEncoding = 4; lastKnownFileType = sourcecode.swift; path = PathFinder.swift; sourceTree = "<group>"; };
		57464EEE1B7EF4F20059BEE7 /* CGPath+Shape.swift */ = {isa = PBXFileReference; fileEncoding = 4; lastKnownFileType = sourcecode.swift; path = "CGPath+Shape.swift"; sourceTree = "<group>"; };
		57464EF01B7EF9970059BEE7 /* CreatureConfiguration.swift */ = {isa = PBXFileReference; fileEncoding = 4; lastKnownFileType = sourcecode.swift; path = CreatureConfiguration.swift; sourceTree = "<group>"; };
		57584E181B8B690600E010B8 /* CreatureTextureAtlas.swift */ = {isa = PBXFileReference; fileEncoding = 4; lastKnownFileType = sourcecode.swift; path = CreatureTextureAtlas.swift; sourceTree = "<group>"; };
		57584E1A1B8CB8B000E010B8 /* TextureAtlasStore.swift */ = {isa = PBXFileReference; fileEncoding = 4; lastKnownFileType = sourcecode.swift; path = TextureAtlasStore.swift; sourceTree = "<group>"; };
		57584E1C1B8CB8FB00E010B8 /* TextureAtlas.swift */ = {isa = PBXFileReference; fileEncoding = 4; lastKnownFileType = sourcecode.swift; path = TextureAtlas.swift; sourceTree = "<group>"; };
		57584E1E1B9C2ED500E010B8 /* creatures.json */ = {isa = PBXFileReference; fileEncoding = 4; lastKnownFileType = text.json; path = creatures.json; sourceTree = "<group>"; };
		57584E201BA066AB00E010B8 /* CreatureConfigurationStore.swift */ = {isa = PBXFileReference; fileEncoding = 4; lastKnownFileType = sourcecode.swift; path = CreatureConfigurationStore.swift; sourceTree = "<group>"; };
		57584E271BA44A7900E010B8 /* TMXTileset+Biotope.swift */ = {isa = PBXFileReference; fileEncoding = 4; lastKnownFileType = sourcecode.swift; path = "TMXTileset+Biotope.swift"; sourceTree = "<group>"; };
		5790C5921BA50D46009D932B /* test.tmx */ = {isa = PBXFileReference; fileEncoding = 4; lastKnownFileType = text.xml; path = test.tmx; sourceTree = "<group>"; };
		579F8F731B6A74A600D54486 /* Biotope.app */ = {isa = PBXFileReference; explicitFileType = wrapper.application; includeInIndex = 0; path = Biotope.app; sourceTree = BUILT_PRODUCTS_DIR; };
		579F8F771B6A74A600D54486 /* Info.plist */ = {isa = PBXFileReference; lastKnownFileType = text.plist.xml; path = Info.plist; sourceTree = "<group>"; };
		579F8F781B6A74A600D54486 /* AppDelegate.swift */ = {isa = PBXFileReference; lastKnownFileType = sourcecode.swift; path = AppDelegate.swift; sourceTree = "<group>"; };
		579F8F7A1B6A74A600D54486 /* GameScene.sks */ = {isa = PBXFileReference; lastKnownFileType = file.sks; path = GameScene.sks; sourceTree = "<group>"; };
		579F8F7C1B6A74A600D54486 /* GameScene.swift */ = {isa = PBXFileReference; lastKnownFileType = sourcecode.swift; path = GameScene.swift; sourceTree = "<group>"; };
		579F8F7E1B6A74A600D54486 /* GameViewController.swift */ = {isa = PBXFileReference; lastKnownFileType = sourcecode.swift; path = GameViewController.swift; sourceTree = "<group>"; };
		579F8F811B6A74A700D54486 /* Base */ = {isa = PBXFileReference; lastKnownFileType = file.storyboard; name = Base; path = Base.lproj/Main.storyboard; sourceTree = "<group>"; };
		579F8F831B6A74A700D54486 /* Images.xcassets */ = {isa = PBXFileReference; lastKnownFileType = folder.assetcatalog; path = Images.xcassets; sourceTree = "<group>"; };
		579F8F861B6A74A700D54486 /* Base */ = {isa = PBXFileReference; lastKnownFileType = file.xib; name = Base; path = Base.lproj/LaunchScreen.xib; sourceTree = "<group>"; };
		579F8F8C1B6A74A700D54486 /* BiotopeTests.xctest */ = {isa = PBXFileReference; explicitFileType = wrapper.cfbundle; includeInIndex = 0; path = BiotopeTests.xctest; sourceTree = BUILT_PRODUCTS_DIR; };
		579F8F911B6A74A700D54486 /* Info.plist */ = {isa = PBXFileReference; lastKnownFileType = text.plist.xml; path = Info.plist; sourceTree = "<group>"; };
		579F8F921B6A74A700D54486 /* PathFinderTests.swift */ = {isa = PBXFileReference; lastKnownFileType = sourcecode.swift; path = PathFinderTests.swift; sourceTree = "<group>"; };
		579F8FAD1B6C684A00D54486 /* Biotope-Bridging-Header.h */ = {isa = PBXFileReference; lastKnownFileType = sourcecode.c.h; path = "Biotope-Bridging-Header.h"; sourceTree = "<group>"; };
		57B63E241B7F170300782D09 /* UIColor+Named.swift */ = {isa = PBXFileReference; fileEncoding = 4; lastKnownFileType = sourcecode.swift; path = "UIColor+Named.swift"; sourceTree = "<group>"; };
		57CF2EF71B6CA6BB00F79760 /* MapNode.swift */ = {isa = PBXFileReference; fileEncoding = 4; lastKnownFileType = sourcecode.swift; path = MapNode.swift; sourceTree = "<group>"; };
		57CF2EFA1B6CACCE00F79760 /* TMXMap.swift */ = {isa = PBXFileReference; fileEncoding = 4; lastKnownFileType = sourcecode.swift; path = TMXMap.swift; sourceTree = "<group>"; };
		57CF2EFC1B6CAD4900F79760 /* TMXMapLoader.swift */ = {isa = PBXFileReference; fileEncoding = 4; lastKnownFileType = sourcecode.swift; path = TMXMapLoader.swift; sourceTree = "<group>"; };
		57CF2EFE1B6CCD6200F79760 /* TMXTileset.swift */ = {isa = PBXFileReference; fileEncoding = 4; lastKnownFileType = sourcecode.swift; path = TMXTileset.swift; sourceTree = "<group>"; };
		57CF2F001B6CCD6C00F79760 /* TMXLayer.swift */ = {isa = PBXFileReference; fileEncoding = 4; lastKnownFileType = sourcecode.swift; path = TMXLayer.swift; sourceTree = "<group>"; };
		57CF2F021B6CCE0900F79760 /* TMXImage.swift */ = {isa = PBXFileReference; fileEncoding = 4; lastKnownFileType = sourcecode.swift; path = TMXImage.swift; sourceTree = "<group>"; };
		57CF2F041B6DD44200F79760 /* libz.dylib */ = {isa = PBXFileReference; lastKnownFileType = "compiled.mach-o.dylib"; name = libz.dylib; path = usr/lib/libz.dylib; sourceTree = SDKROOT; };
		57CF2F071B6DDE1D00F79760 /* NSData+Inflate.swift */ = {isa = PBXFileReference; fileEncoding = 4; lastKnownFileType = sourcecode.swift; path = "NSData+Inflate.swift"; sourceTree = "<group>"; };
		57CF2F0D1B6FBC4600F79760 /* chip.png */ = {isa = PBXFileReference; lastKnownFileType = image.png; path = chip.png; sourceTree = "<group>"; };
		57CF2F0E1B6FBC4600F79760 /* debug.tmx */ = {isa = PBXFileReference; fileEncoding = 4; lastKnownFileType = text.xml; path = debug.tmx; sourceTree = "<group>"; };
		57CF2F111B70E43A00F79760 /* Cell.swift */ = {isa = PBXFileReference; fileEncoding = 4; lastKnownFileType = sourcecode.swift; path = Cell.swift; sourceTree = "<group>"; };
		57CF2F131B71A70400F79760 /* World.swift */ = {isa = PBXFileReference; fileEncoding = 4; lastKnownFileType = sourcecode.swift; path = World.swift; sourceTree = "<group>"; };
		57CF2F151B71A75200F79760 /* WorldNode.swift */ = {isa = PBXFileReference; fileEncoding = 4; lastKnownFileType = sourcecode.swift; path = WorldNode.swift; sourceTree = "<group>"; };
		57CF2F171B71AC9600F79760 /* CellNode.swift */ = {isa = PBXFileReference; fileEncoding = 4; lastKnownFileType = sourcecode.swift; path = CellNode.swift; sourceTree = "<group>"; };
		57DA17A11B89B38B0025F768 /* WorldTests.swift */ = {isa = PBXFileReference; fileEncoding = 4; lastKnownFileType = sourcecode.swift; path = WorldTests.swift; sourceTree = "<group>"; };
		57E97ECA1B7305B0000D951C /* Creature.swift */ = {isa = PBXFileReference; fileEncoding = 4; lastKnownFileType = sourcecode.swift; path = Creature.swift; sourceTree = "<group>"; };
		57E97ECC1B7305C9000D951C /* GameScenePaceMaker.swift */ = {isa = PBXFileReference; fileEncoding = 4; lastKnownFileType = sourcecode.swift; path = GameScenePaceMaker.swift; sourceTree = "<group>"; };
		9644FC8026726035C52F75B9 /* Pods.debug.xcconfig */ = {isa = PBXFileReference; includeInIndex = 1; lastKnownFileType = text.xcconfig; name = Pods.debug.xcconfig; path = "Pods/Target Support Files/Pods/Pods.debug.xcconfig"; sourceTree = "<group>"; };
		B053F8553A27EFCDCF9F52D0 /* Pods.framework */ = {isa = PBXFileReference; explicitFileType = wrapper.framework; includeInIndex = 0; path = Pods.framework; sourceTree = BUILT_PRODUCTS_DIR; };
		D5013D64761D51706F8DE366 /* Pods.release.xcconfig */ = {isa = PBXFileReference; includeInIndex = 1; lastKnownFileType = text.xcconfig; name = Pods.release.xcconfig; path = "Pods/Target Support Files/Pods/Pods.release.xcconfig"; sourceTree = "<group>"; };
/* End PBXFileReference section */

/* Begin PBXFrameworksBuildPhase section */
		579F8F701B6A74A600D54486 /* Frameworks */ = {
			isa = PBXFrameworksBuildPhase;
			buildActionMask = 2147483647;
			files = (
				57CF2F051B6DD44200F79760 /* libz.dylib in Frameworks */,
				D4212BE445D70781DA07DE5A /* Pods.framework in Frameworks */,
			);
			runOnlyForDeploymentPostprocessing = 0;
		};
		579F8F891B6A74A700D54486 /* Frameworks */ = {
			isa = PBXFrameworksBuildPhase;
			buildActionMask = 2147483647;
			files = (
				573150FD1B77549C00F37E81 /* libz.dylib in Frameworks */,
			);
			runOnlyForDeploymentPostprocessing = 0;
		};
/* End PBXFrameworksBuildPhase section */

/* Begin PBXGroup section */
		574586371B74CD5E0067C65C /* PathFinder */ = {
			isa = PBXGroup;
			children = (
				574586381B74CDB50067C65C /* PathNode.swift */,
				5745863C1B74D27F0067C65C /* PathFinder.swift */,
			);
			path = PathFinder;
			sourceTree = "<group>";
		};
		57584E171B8B68B400E010B8 /* Texture */ = {
			isa = PBXGroup;
			children = (
				57584E181B8B690600E010B8 /* CreatureTextureAtlas.swift */,
				57584E1A1B8CB8B000E010B8 /* TextureAtlasStore.swift */,
				57584E1C1B8CB8FB00E010B8 /* TextureAtlas.swift */,
			);
			path = Texture;
			sourceTree = "<group>";
		};
		579F8F6A1B6A74A600D54486 = {
			isa = PBXGroup;
			children = (
				579F8F751B6A74A600D54486 /* Biotope */,
				579F8F8F1B6A74A700D54486 /* BiotopeTests */,
				579F8F741B6A74A600D54486 /* Products */,
				E15E587C39A1BDB89752599E /* Pods */,
				B349E90CFA818A43BF0AA757 /* Frameworks */,
				579F8FAD1B6C684A00D54486 /* Biotope-Bridging-Header.h */,
			);
			sourceTree = "<group>";
		};
		579F8F741B6A74A600D54486 /* Products */ = {
			isa = PBXGroup;
			children = (
				579F8F731B6A74A600D54486 /* Biotope.app */,
				579F8F8C1B6A74A700D54486 /* BiotopeTests.xctest */,
			);
			name = Products;
			sourceTree = "<group>";
		};
		579F8F751B6A74A600D54486 /* Biotope */ = {
			isa = PBXGroup;
			children = (
				57584E171B8B68B400E010B8 /* Texture */,
				57CF2F061B6DDDE000F79760 /* Extension */,
				579F8FA51B6C570200D54486 /* Resource */,
				579F8F9E1B6A7B8B00D54486 /* Model */,
				579F8F9C1B6A7B6D00D54486 /* Scene */,
				579F8F9D1B6A7B7D00D54486 /* Node */,
				579F8F781B6A74A600D54486 /* AppDelegate.swift */,
				579F8F7E1B6A74A600D54486 /* GameViewController.swift */,
				579F8F801B6A74A700D54486 /* Main.storyboard */,
				579F8F831B6A74A700D54486 /* Images.xcassets */,
				579F8F851B6A74A700D54486 /* LaunchScreen.xib */,
				579F8F761B6A74A600D54486 /* Supporting Files */,
			);
			path = Biotope;
			sourceTree = "<group>";
		};
		579F8F761B6A74A600D54486 /* Supporting Files */ = {
			isa = PBXGroup;
			children = (
				579F8F771B6A74A600D54486 /* Info.plist */,
			);
			name = "Supporting Files";
			sourceTree = "<group>";
		};
		579F8F8F1B6A74A700D54486 /* BiotopeTests */ = {
			isa = PBXGroup;
			children = (
				579F8F901B6A74A700D54486 /* Supporting Files */,
				579F8F921B6A74A700D54486 /* PathFinderTests.swift */,
				57DA17A11B89B38B0025F768 /* WorldTests.swift */,
			);
			path = BiotopeTests;
			sourceTree = "<group>";
		};
		579F8F901B6A74A700D54486 /* Supporting Files */ = {
			isa = PBXGroup;
			children = (
				579F8F911B6A74A700D54486 /* Info.plist */,
			);
			name = "Supporting Files";
			sourceTree = "<group>";
		};
		579F8F9C1B6A7B6D00D54486 /* Scene */ = {
			isa = PBXGroup;
			children = (
				579F8F7A1B6A74A600D54486 /* GameScene.sks */,
				579F8F7C1B6A74A600D54486 /* GameScene.swift */,
			);
			path = Scene;
			sourceTree = "<group>";
		};
		579F8F9D1B6A7B7D00D54486 /* Node */ = {
			isa = PBXGroup;
			children = (
				57CF2EF71B6CA6BB00F79760 /* MapNode.swift */,
				57CF2F151B71A75200F79760 /* WorldNode.swift */,
				57CF2F171B71AC9600F79760 /* CellNode.swift */,
				574586351B745C470067C65C /* CreatureNode.swift */,
			);
			path = Node;
			sourceTree = "<group>";
		};
		579F8F9E1B6A7B8B00D54486 /* Model */ = {
			isa = PBXGroup;
			children = (
				574586371B74CD5E0067C65C /* PathFinder */,
				57E97EC71B73055A000D951C /* Creature */,
				57CF2EF91B6CACA200F79760 /* TMX */,
				57CF2F111B70E43A00F79760 /* Cell.swift */,
				57CF2F131B71A70400F79760 /* World.swift */,
				57E97ECC1B7305C9000D951C /* GameScenePaceMaker.swift */,
			);
			path = Model;
			sourceTree = "<group>";
		};
		579F8FA51B6C570200D54486 /* Resource */ = {
			isa = PBXGroup;
			children = (
				57584E1E1B9C2ED500E010B8 /* creatures.json */,
				579F8FA61B6C570200D54486 /* Map */,
			);
			path = Resource;
			sourceTree = "<group>";
		};
		579F8FA61B6C570200D54486 /* Map */ = {
			isa = PBXGroup;
			children = (
				57CF2F0D1B6FBC4600F79760 /* chip.png */,
				57CF2F0E1B6FBC4600F79760 /* debug.tmx */,
				5790C5921BA50D46009D932B /* test.tmx */,
			);
			path = Map;
			sourceTree = "<group>";
		};
		57CF2EF91B6CACA200F79760 /* TMX */ = {
			isa = PBXGroup;
			children = (
				57CF2EFA1B6CACCE00F79760 /* TMXMap.swift */,
				57CF2EFC1B6CAD4900F79760 /* TMXMapLoader.swift */,
				57CF2EFE1B6CCD6200F79760 /* TMXTileset.swift */,
				57CF2F001B6CCD6C00F79760 /* TMXLayer.swift */,
				57CF2F021B6CCE0900F79760 /* TMXImage.swift */,
			);
			path = TMX;
			sourceTree = "<group>";
		};
		57CF2F061B6DDDE000F79760 /* Extension */ = {
			isa = PBXGroup;
			children = (
				57CF2F071B6DDE1D00F79760 /* NSData+Inflate.swift */,
				57464EEE1B7EF4F20059BEE7 /* CGPath+Shape.swift */,
				57B63E241B7F170300782D09 /* UIColor+Named.swift */,
				57584E271BA44A7900E010B8 /* TMXTileset+Biotope.swift */,
			);
			path = Extension;
			sourceTree = "<group>";
		};
		57E97EC71B73055A000D951C /* Creature */ = {
			isa = PBXGroup;
			children = (
				57E97ECA1B7305B0000D951C /* Creature.swift */,
				57464EF01B7EF9970059BEE7 /* CreatureConfiguration.swift */,
				57584E201BA066AB00E010B8 /* CreatureConfigurationStore.swift */,
			);
			path = Creature;
			sourceTree = "<group>";
		};
		B349E90CFA818A43BF0AA757 /* Frameworks */ = {
			isa = PBXGroup;
			children = (
				57CF2F041B6DD44200F79760 /* libz.dylib */,
				B053F8553A27EFCDCF9F52D0 /* Pods.framework */,
			);
			name = Frameworks;
			sourceTree = "<group>";
		};
		E15E587C39A1BDB89752599E /* Pods */ = {
			isa = PBXGroup;
			children = (
				9644FC8026726035C52F75B9 /* Pods.debug.xcconfig */,
				D5013D64761D51706F8DE366 /* Pods.release.xcconfig */,
			);
			name = Pods;
			sourceTree = "<group>";
		};
/* End PBXGroup section */

/* Begin PBXNativeTarget section */
		579F8F721B6A74A600D54486 /* Biotope */ = {
			isa = PBXNativeTarget;
			buildConfigurationList = 579F8F961B6A74A700D54486 /* Build configuration list for PBXNativeTarget "Biotope" */;
			buildPhases = (
				6D15A2B5B6DE16330E553902 /* Check Pods Manifest.lock */,
				579F8F6F1B6A74A600D54486 /* Sources */,
				579F8F701B6A74A600D54486 /* Frameworks */,
				579F8F711B6A74A600D54486 /* Resources */,
				E33985EC93D63CD0A53F65A8 /* Embed Pods Frameworks */,
				8927E0C8C55061CB891AD339 /* Copy Pods Resources */,
				57464EF31B7F09F50059BEE7 /* ShellScript */,
			);
			buildRules = (
			);
			dependencies = (
			);
			name = Biotope;
			productName = Biotope;
			productReference = 579F8F731B6A74A600D54486 /* Biotope.app */;
			productType = "com.apple.product-type.application";
		};
		579F8F8B1B6A74A700D54486 /* BiotopeTests */ = {
			isa = PBXNativeTarget;
			buildConfigurationList = 579F8F991B6A74A700D54486 /* Build configuration list for PBXNativeTarget "BiotopeTests" */;
			buildPhases = (
				579F8F881B6A74A700D54486 /* Sources */,
				579F8F891B6A74A700D54486 /* Frameworks */,
				579F8F8A1B6A74A700D54486 /* Resources */,
			);
			buildRules = (
			);
			dependencies = (
				579F8F8E1B6A74A700D54486 /* PBXTargetDependency */,
			);
			name = BiotopeTests;
			productName = BiotopeTests;
			productReference = 579F8F8C1B6A74A700D54486 /* BiotopeTests.xctest */;
			productType = "com.apple.product-type.bundle.unit-test";
		};
/* End PBXNativeTarget section */

/* Begin PBXProject section */
		579F8F6B1B6A74A600D54486 /* Project object */ = {
			isa = PBXProject;
			attributes = {
				LastUpgradeCheck = 0640;
				ORGANIZATIONNAME = slightair;
				TargetAttributes = {
					579F8F721B6A74A600D54486 = {
						CreatedOnToolsVersion = 6.4;
					};
					579F8F8B1B6A74A700D54486 = {
						CreatedOnToolsVersion = 6.4;
						TestTargetID = 579F8F721B6A74A600D54486;
					};
				};
			};
			buildConfigurationList = 579F8F6E1B6A74A600D54486 /* Build configuration list for PBXProject "Biotope" */;
			compatibilityVersion = "Xcode 3.2";
			developmentRegion = English;
			hasScannedForEncodings = 0;
			knownRegions = (
				en,
				Base,
			);
			mainGroup = 579F8F6A1B6A74A600D54486;
			productRefGroup = 579F8F741B6A74A600D54486 /* Products */;
			projectDirPath = "";
			projectRoot = "";
			targets = (
				579F8F721B6A74A600D54486 /* Biotope */,
				579F8F8B1B6A74A700D54486 /* BiotopeTests */,
			);
		};
/* End PBXProject section */

/* Begin PBXResourcesBuildPhase section */
		579F8F711B6A74A600D54486 /* Resources */ = {
			isa = PBXResourcesBuildPhase;
			buildActionMask = 2147483647;
			files = (
				57CF2F0F1B6FBC4600F79760 /* chip.png in Resources */,
				579F8F871B6A74A700D54486 /* LaunchScreen.xib in Resources */,
				579F8F841B6A74A700D54486 /* Images.xcassets in Resources */,
				579F8F7B1B6A74A600D54486 /* GameScene.sks in Resources */,
				57584E1F1B9C2ED500E010B8 /* creatures.json in Resources */,
				579F8F821B6A74A700D54486 /* Main.storyboard in Resources */,
				57CF2F101B6FBC4600F79760 /* debug.tmx in Resources */,
				5790C5931BA50D46009D932B /* test.tmx in Resources */,
			);
			runOnlyForDeploymentPostprocessing = 0;
		};
		579F8F8A1B6A74A700D54486 /* Resources */ = {
			isa = PBXResourcesBuildPhase;
			buildActionMask = 2147483647;
			files = (
			);
			runOnlyForDeploymentPostprocessing = 0;
		};
/* End PBXResourcesBuildPhase section */

/* Begin PBXShellScriptBuildPhase section */
		57464EF31B7F09F50059BEE7 /* ShellScript */ = {
			isa = PBXShellScriptBuildPhase;
			buildActionMask = 2147483647;
			files = (
			);
			inputPaths = (
			);
			outputPaths = (
			);
			runOnlyForDeploymentPostprocessing = 0;
			shellPath = /bin/sh;
			shellScript = "\"${PODS_ROOT}/Fabric/Fabric.framework/run\" 3e02916b8e1b97e94a690f124c0b15cf0f08c245 f7e96cf97146fc2676105b6382ef0b5bb5c80e9b764be2ed9db07106017bf70b";
		};
		6D15A2B5B6DE16330E553902 /* Check Pods Manifest.lock */ = {
			isa = PBXShellScriptBuildPhase;
			buildActionMask = 2147483647;
			files = (
			);
			inputPaths = (
			);
			name = "Check Pods Manifest.lock";
			outputPaths = (
			);
			runOnlyForDeploymentPostprocessing = 0;
			shellPath = /bin/sh;
			shellScript = "diff \"${PODS_ROOT}/../Podfile.lock\" \"${PODS_ROOT}/Manifest.lock\" > /dev/null\nif [[ $? != 0 ]] ; then\n    cat << EOM\nerror: The sandbox is not in sync with the Podfile.lock. Run 'pod install' or update your CocoaPods installation.\nEOM\n    exit 1\nfi\n";
			showEnvVarsInLog = 0;
		};
		8927E0C8C55061CB891AD339 /* Copy Pods Resources */ = {
			isa = PBXShellScriptBuildPhase;
			buildActionMask = 2147483647;
			files = (
			);
			inputPaths = (
			);
			name = "Copy Pods Resources";
			outputPaths = (
			);
			runOnlyForDeploymentPostprocessing = 0;
			shellPath = /bin/sh;
			shellScript = "\"${SRCROOT}/Pods/Target Support Files/Pods/Pods-resources.sh\"\n";
			showEnvVarsInLog = 0;
		};
		E33985EC93D63CD0A53F65A8 /* Embed Pods Frameworks */ = {
			isa = PBXShellScriptBuildPhase;
			buildActionMask = 2147483647;
			files = (
			);
			inputPaths = (
			);
			name = "Embed Pods Frameworks";
			outputPaths = (
			);
			runOnlyForDeploymentPostprocessing = 0;
			shellPath = /bin/sh;
			shellScript = "\"${SRCROOT}/Pods/Target Support Files/Pods/Pods-frameworks.sh\"\n";
			showEnvVarsInLog = 0;
		};
/* End PBXShellScriptBuildPhase section */

/* Begin PBXSourcesBuildPhase section */
		579F8F6F1B6A74A600D54486 /* Sources */ = {
			isa = PBXSourcesBuildPhase;
			buildActionMask = 2147483647;
			files = (
				57584E1B1B8CB8B000E010B8 /* TextureAtlasStore.swift in Sources */,
				57E97ECD1B7305C9000D951C /* GameScenePaceMaker.swift in Sources */,
				57CF2F081B6DDE1D00F79760 /* NSData+Inflate.swift in Sources */,
				57CF2F141B71A70400F79760 /* World.swift in Sources */,
				57CF2F011B6CCD6C00F79760 /* TMXLayer.swift in Sources */,
				57CF2EFD1B6CAD4A00F79760 /* TMXMapLoader.swift in Sources */,
				57E97ECB1B7305B0000D951C /* Creature.swift in Sources */,
				57464EEF1B7EF4F20059BEE7 /* CGPath+Shape.swift in Sources */,
				574586361B745C470067C65C /* CreatureNode.swift in Sources */,
				57CF2F161B71A75200F79760 /* WorldNode.swift in Sources */,
				57CF2F181B71AC9600F79760 /* CellNode.swift in Sources */,
				57584E1D1B8CB8FB00E010B8 /* TextureAtlas.swift in Sources */,
				579F8F7D1B6A74A600D54486 /* GameScene.swift in Sources */,
				57CF2F031B6CCE0900F79760 /* TMXImage.swift in Sources */,
				574586391B74CDB50067C65C /* PathNode.swift in Sources */,
				57CF2F121B70E43A00F79760 /* Cell.swift in Sources */,
				57584E211BA066AB00E010B8 /* CreatureConfigurationStore.swift in Sources */,
				5745863D1B74D27F0067C65C /* PathFinder.swift in Sources */,
				579F8F7F1B6A74A600D54486 /* GameViewController.swift in Sources */,
				579F8F791B6A74A600D54486 /* AppDelegate.swift in Sources */,
				57B63E251B7F170300782D09 /* UIColor+Named.swift in Sources */,
				57CF2EFB1B6CACCE00F79760 /* TMXMap.swift in Sources */,
				57CF2EFF1B6CCD6200F79760 /* TMXTileset.swift in Sources */,
				57464EF11B7EF9970059BEE7 /* CreatureConfiguration.swift in Sources */,
				57584E191B8B690600E010B8 /* CreatureTextureAtlas.swift in Sources */,
				57CF2EF81B6CA6BB00F79760 /* MapNode.swift in Sources */,
				57584E281BA44A7900E010B8 /* TMXTileset+Biotope.swift in Sources */,
			);
			runOnlyForDeploymentPostprocessing = 0;
		};
		579F8F881B6A74A700D54486 /* Sources */ = {
			isa = PBXSourcesBuildPhase;
			buildActionMask = 2147483647;
			files = (
				573150FA1B77531700F37E81 /* Creature.swift in Sources */,
				573150F21B7752BC00F37E81 /* TMXMapLoader.swift in Sources */,
				573150EE1B7752AA00F37E81 /* PathNode.swift in Sources */,
				57464EF41B7F138B0059BEE7 /* CreatureConfiguration.swift in Sources */,
				573150F41B7752CC00F37E81 /* TMXLayer.swift in Sources */,
				573150F31B7752BF00F37E81 /* TMXTileset.swift in Sources */,
				57584E221BA3FBBF00E010B8 /* CreatureConfigurationStore.swift in Sources */,
				573150FC1B77547E00F37E81 /* NSData+Inflate.swift in Sources */,
				573150F71B7752D600F37E81 /* World.swift in Sources */,
				579F8F931B6A74A700D54486 /* PathFinderTests.swift in Sources */,
				57584E2A1BA4504E00E010B8 /* TMXTileset+Biotope.swift in Sources */,
				573150F81B7752DA00F37E81 /* GameScenePaceMaker.swift in Sources */,
				573150F61B7752D300F37E81 /* Cell.swift in Sources */,
				573150F51B7752D000F37E81 /* TMXImage.swift in Sources */,
				57DA17A21B89B38B0025F768 /* WorldTests.swift in Sources */,
				573150F11B7752BA00F37E81 /* TMXMap.swift in Sources */,
				573150EF1B7752AD00F37E81 /* PathFinder.swift in Sources */,
			);
			runOnlyForDeploymentPostprocessing = 0;
		};
/* End PBXSourcesBuildPhase section */

/* Begin PBXTargetDependency section */
		579F8F8E1B6A74A700D54486 /* PBXTargetDependency */ = {
			isa = PBXTargetDependency;
			target = 579F8F721B6A74A600D54486 /* Biotope */;
			targetProxy = 579F8F8D1B6A74A700D54486 /* PBXContainerItemProxy */;
		};
/* End PBXTargetDependency section */

/* Begin PBXVariantGroup section */
		579F8F801B6A74A700D54486 /* Main.storyboard */ = {
			isa = PBXVariantGroup;
			children = (
				579F8F811B6A74A700D54486 /* Base */,
			);
			name = Main.storyboard;
			sourceTree = "<group>";
		};
		579F8F851B6A74A700D54486 /* LaunchScreen.xib */ = {
			isa = PBXVariantGroup;
			children = (
				579F8F861B6A74A700D54486 /* Base */,
			);
			name = LaunchScreen.xib;
			sourceTree = "<group>";
		};
/* End PBXVariantGroup section */

/* Begin XCBuildConfiguration section */
		579F8F941B6A74A700D54486 /* Debug */ = {
			isa = XCBuildConfiguration;
			buildSettings = {
				ALWAYS_SEARCH_USER_PATHS = NO;
				CLANG_CXX_LANGUAGE_STANDARD = "gnu++0x";
				CLANG_CXX_LIBRARY = "libc++";
				CLANG_ENABLE_MODULES = YES;
				CLANG_ENABLE_OBJC_ARC = YES;
				CLANG_WARN_BOOL_CONVERSION = YES;
				CLANG_WARN_CONSTANT_CONVERSION = YES;
				CLANG_WARN_DIRECT_OBJC_ISA_USAGE = YES_ERROR;
				CLANG_WARN_EMPTY_BODY = YES;
				CLANG_WARN_ENUM_CONVERSION = YES;
				CLANG_WARN_INT_CONVERSION = YES;
				CLANG_WARN_OBJC_ROOT_CLASS = YES_ERROR;
				CLANG_WARN_UNREACHABLE_CODE = YES;
				CLANG_WARN__DUPLICATE_METHOD_MATCH = YES;
				"CODE_SIGN_IDENTITY[sdk=iphoneos*]" = "iPhone Developer";
				COPY_PHASE_STRIP = NO;
				DEBUG_INFORMATION_FORMAT = "dwarf-with-dsym";
				ENABLE_STRICT_OBJC_MSGSEND = YES;
				GCC_C_LANGUAGE_STANDARD = gnu99;
				GCC_DYNAMIC_NO_PIC = NO;
				GCC_NO_COMMON_BLOCKS = YES;
				GCC_OPTIMIZATION_LEVEL = 0;
				GCC_PREPROCESSOR_DEFINITIONS = (
					"DEBUG=1",
					"$(inherited)",
				);
				GCC_SYMBOLS_PRIVATE_EXTERN = NO;
				GCC_WARN_64_TO_32_BIT_CONVERSION = YES;
				GCC_WARN_ABOUT_RETURN_TYPE = YES_ERROR;
				GCC_WARN_UNDECLARED_SELECTOR = YES;
				GCC_WARN_UNINITIALIZED_AUTOS = YES_AGGRESSIVE;
				GCC_WARN_UNUSED_FUNCTION = YES;
				GCC_WARN_UNUSED_VARIABLE = YES;
				IPHONEOS_DEPLOYMENT_TARGET = 8.4;
				MTL_ENABLE_DEBUG_INFO = YES;
				ONLY_ACTIVE_ARCH = YES;
				SDKROOT = iphoneos;
				SWIFT_OPTIMIZATION_LEVEL = "-Onone";
				TARGETED_DEVICE_FAMILY = "1,2";
			};
			name = Debug;
		};
		579F8F951B6A74A700D54486 /* Release */ = {
			isa = XCBuildConfiguration;
			buildSettings = {
				ALWAYS_SEARCH_USER_PATHS = NO;
				CLANG_CXX_LANGUAGE_STANDARD = "gnu++0x";
				CLANG_CXX_LIBRARY = "libc++";
				CLANG_ENABLE_MODULES = YES;
				CLANG_ENABLE_OBJC_ARC = YES;
				CLANG_WARN_BOOL_CONVERSION = YES;
				CLANG_WARN_CONSTANT_CONVERSION = YES;
				CLANG_WARN_DIRECT_OBJC_ISA_USAGE = YES_ERROR;
				CLANG_WARN_EMPTY_BODY = YES;
				CLANG_WARN_ENUM_CONVERSION = YES;
				CLANG_WARN_INT_CONVERSION = YES;
				CLANG_WARN_OBJC_ROOT_CLASS = YES_ERROR;
				CLANG_WARN_UNREACHABLE_CODE = YES;
				CLANG_WARN__DUPLICATE_METHOD_MATCH = YES;
				"CODE_SIGN_IDENTITY[sdk=iphoneos*]" = "iPhone Developer";
				COPY_PHASE_STRIP = NO;
				DEBUG_INFORMATION_FORMAT = "dwarf-with-dsym";
				ENABLE_NS_ASSERTIONS = NO;
				ENABLE_STRICT_OBJC_MSGSEND = YES;
				GCC_C_LANGUAGE_STANDARD = gnu99;
				GCC_NO_COMMON_BLOCKS = YES;
				GCC_WARN_64_TO_32_BIT_CONVERSION = YES;
				GCC_WARN_ABOUT_RETURN_TYPE = YES_ERROR;
				GCC_WARN_UNDECLARED_SELECTOR = YES;
				GCC_WARN_UNINITIALIZED_AUTOS = YES_AGGRESSIVE;
				GCC_WARN_UNUSED_FUNCTION = YES;
				GCC_WARN_UNUSED_VARIABLE = YES;
				IPHONEOS_DEPLOYMENT_TARGET = 8.4;
				MTL_ENABLE_DEBUG_INFO = NO;
				SDKROOT = iphoneos;
				TARGETED_DEVICE_FAMILY = "1,2";
				VALIDATE_PRODUCT = YES;
			};
			name = Release;
		};
		579F8F971B6A74A700D54486 /* Debug */ = {
			isa = XCBuildConfiguration;
			baseConfigurationReference = 9644FC8026726035C52F75B9 /* Pods.debug.xcconfig */;
			buildSettings = {
				ASSETCATALOG_COMPILER_APPICON_NAME = AppIcon;
				CLANG_ENABLE_MODULES = YES;
				INFOPLIST_FILE = Biotope/Info.plist;
				IPHONEOS_DEPLOYMENT_TARGET = 8.0;
				LD_RUNPATH_SEARCH_PATHS = "$(inherited) @executable_path/Frameworks";
				PRODUCT_NAME = "$(TARGET_NAME)";
				SWIFT_OBJC_BRIDGING_HEADER = "Biotope-Bridging-Header.h";
				SWIFT_OPTIMIZATION_LEVEL = "-Onone";
			};
			name = Debug;
		};
		579F8F981B6A74A700D54486 /* Release */ = {
			isa = XCBuildConfiguration;
			baseConfigurationReference = D5013D64761D51706F8DE366 /* Pods.release.xcconfig */;
			buildSettings = {
				ASSETCATALOG_COMPILER_APPICON_NAME = AppIcon;
				CLANG_ENABLE_MODULES = YES;
				INFOPLIST_FILE = Biotope/Info.plist;
				IPHONEOS_DEPLOYMENT_TARGET = 8.0;
				LD_RUNPATH_SEARCH_PATHS = "$(inherited) @executable_path/Frameworks";
				PRODUCT_NAME = "$(TARGET_NAME)";
				SWIFT_OBJC_BRIDGING_HEADER = "Biotope-Bridging-Header.h";
			};
			name = Release;
		};
		579F8F9A1B6A74A700D54486 /* Debug */ = {
			isa = XCBuildConfiguration;
			buildSettings = {
				BUNDLE_LOADER = "$(TEST_HOST)";
				FRAMEWORK_SEARCH_PATHS = (
					"$(SDKROOT)/Developer/Library/Frameworks",
					"$(inherited)",
				);
				GCC_PREPROCESSOR_DEFINITIONS = (
					"DEBUG=1",
					"$(inherited)",
				);
				INFOPLIST_FILE = BiotopeTests/Info.plist;
				LD_RUNPATH_SEARCH_PATHS = "$(inherited) @executable_path/Frameworks @loader_path/Frameworks";
				PRODUCT_NAME = "$(TARGET_NAME)";
				SWIFT_OBJC_BRIDGING_HEADER = "Biotope-Bridging-Header.h";
				TEST_HOST = "$(BUILT_PRODUCTS_DIR)/Biotope.app/Biotope";
			};
			name = Debug;
		};
		579F8F9B1B6A74A700D54486 /* Release */ = {
			isa = XCBuildConfiguration;
			buildSettings = {
				BUNDLE_LOADER = "$(TEST_HOST)";
				FRAMEWORK_SEARCH_PATHS = (
					"$(SDKROOT)/Developer/Library/Frameworks",
					"$(inherited)",
				);
				INFOPLIST_FILE = BiotopeTests/Info.plist;
				LD_RUNPATH_SEARCH_PATHS = "$(inherited) @executable_path/Frameworks @loader_path/Frameworks";
				PRODUCT_NAME = "$(TARGET_NAME)";
				SWIFT_OBJC_BRIDGING_HEADER = "Biotope-Bridging-Header.h";
				TEST_HOST = "$(BUILT_PRODUCTS_DIR)/Biotope.app/Biotope";
			};
			name = Release;
		};
/* End XCBuildConfiguration section */

/* Begin XCConfigurationList section */
		579F8F6E1B6A74A600D54486 /* Build configuration list for PBXProject "Biotope" */ = {
			isa = XCConfigurationList;
			buildConfigurations = (
				579F8F941B6A74A700D54486 /* Debug */,
				579F8F951B6A74A700D54486 /* Release */,
			);
			defaultConfigurationIsVisible = 0;
			defaultConfigurationName = Release;
		};
		579F8F961B6A74A700D54486 /* Build configuration list for PBXNativeTarget "Biotope" */ = {
			isa = XCConfigurationList;
			buildConfigurations = (
				579F8F971B6A74A700D54486 /* Debug */,
				579F8F981B6A74A700D54486 /* Release */,
			);
			defaultConfigurationIsVisible = 0;
			defaultConfigurationName = Release;
		};
		579F8F991B6A74A700D54486 /* Build configuration list for PBXNativeTarget "BiotopeTests" */ = {
			isa = XCConfigurationList;
			buildConfigurations = (
				579F8F9A1B6A74A700D54486 /* Debug */,
				579F8F9B1B6A74A700D54486 /* Release */,
			);
			defaultConfigurationIsVisible = 0;
			defaultConfigurationName = Release;
		};
/* End XCConfigurationList section */
	};
	rootObject = 579F8F6B1B6A74A600D54486 /* Project object */;
}
